
Microsoft Visual Studio Solution File, Format Version 11.00
# Visual Studio 2010
Project("{8BC9CEB8-8B4A-11D0-8D11-00A0C91BC942}") = "Srever", "Client\Client.vcxproj", "{D6CFECCD-6D46-4A0D-B4F8-00D589418D07}"
EndProject
Project("{8BC9CEB8-8B4A-11D0-8D11-00A0C91BC942}") = "RelClient", "RelClient\RelClient.vcxproj", "{8EE1238B-CE05-4670-8B18-0AC6E80F7C52}"
EndProject
Global
	GlobalSection(SolutionConfigurationPlatforms) = preSolution
		Debug|Win32 = Debug|Win32
		Release|Win32 = Release|Win32
	EndGlobalSection
	GlobalSection(ProjectConfigurationPlatforms) = postSolution
		{D6CFECCD-6D46-4A0D-B4F8-00D589418D07}.Debug|Win32.ActiveCfg = Debug|Win32
		{D6CFECCD-6D46-4A0D-B4F8-00D589418D07}.Debug|Win32.Build.0 = Debug|Win32
		{D6CFECCD-6D46-4A0D-B4F8-00D589418D07}.Release|Win32.ActiveCfg = Release|Win32
		{D6CFECCD-6D46-4A0D-B4F8-00D589418D07}.Release|Win32.Build.0 = Release|Win32
		{8EE1238B-CE05-4670-8B18-0AC6E80F7C52}.Debug|Win32.ActiveCfg = Debug|Win32
		{8EE1238B-CE05-4670-8B18-0AC6E80F7C52}.Debug|Win32.Build.0 = Debug|Win32
		{8EE1238B-CE05-4670-8B18-0AC6E80F7C52}.Release|Win32.ActiveCfg = Release|Win32
		{8EE1238B-CE05-4670-8B18-0AC6E80F7C52}.Release|Win32.Build.0 = Release|Win32
	EndGlobalSection
	GlobalSection(SolutionProperties) = preSolution
		HideSolutionNode = FALSE
	EndGlobalSection
EndGlobal
